
Microsoft Visual Studio Solution File, Format Version 12.00
# Visual Studio Version 17
VisualStudioVersion = 17.13.35825.156
MinimumVisualStudioVersion = 10.0.40219.1
Project("{FAE04EC0-301F-11D3-BF4B-00C04F79EFBC}") = "CleanArchitecture.Api", "CleanArchitecture.Api.csproj", "{8F399050-79F5-4FAE-B2B3-9B35C1429D51}"
EndProject
Project("{FAE04EC0-301F-11D3-BF4B-00C04F79EFBC}") = "CleanArchitecture.Domain", "..\CleanArchitecture.Domain\CleanArchitecture.Domain.csproj", "{0FA2338F-CB51-407C-B701-AC5D0F12F4BB}"
EndProject
Project("{FAE04EC0-301F-11D3-BF4B-00C04F79EFBC}") = "CleanArchitecture.Application", "..\CleanArchitecture.Application\CleanArchitecture.Application.csproj", "{CA1CA267-CC81-4208-B1E1-614A8A42568D}"
EndProject
Project("{FAE04EC0-301F-11D3-BF4B-00C04F79EFBC}") = "CleanArchitecture.Infrastructure", "..\CleanArchitecture.Infrastructure\CleanArchitecture.Infrastructure.csproj", "{2B3C5F5A-AF6D-4C78-A660-7925C98A7A3E}"
EndProject
Global
	GlobalSection(SolutionConfigurationPlatforms) = preSolution
		Debug|Any CPU = Debug|Any CPU
		Release|Any CPU = Release|Any CPU
	EndGlobalSection
	GlobalSection(ProjectConfigurationPlatforms) = postSolution
		{8F399050-79F5-4FAE-B2B3-9B35C1429D51}.Debug|Any CPU.ActiveCfg = Debug|Any CPU
		{8F399050-79F5-4FAE-B2B3-9B35C1429D51}.Debug|Any CPU.Build.0 = Debug|Any CPU
		{8F399050-79F5-4FAE-B2B3-9B35C1429D51}.Release|Any CPU.ActiveCfg = Release|Any CPU
		{8F399050-79F5-4FAE-B2B3-9B35C1429D51}.Release|Any CPU.Build.0 = Release|Any CPU
		{0FA2338F-CB51-407C-B701-AC5D0F12F4BB}.Debug|Any CPU.ActiveCfg = Debug|Any CPU
		{0FA2338F-CB51-407C-B701-AC5D0F12F4BB}.Debug|Any CPU.Build.0 = Debug|Any CPU
		{0FA2338F-CB51-407C-B701-AC5D0F12F4BB}.Release|Any CPU.ActiveCfg = Release|Any CPU
		{0FA2338F-CB51-407C-B701-AC5D0F12F4BB}.Release|Any CPU.Build.0 = Release|Any CPU
		{CA1CA267-CC81-4208-B1E1-614A8A42568D}.Debug|Any CPU.ActiveCfg = Debug|Any CPU
		{CA1CA267-CC81-4208-B1E1-614A8A42568D}.Debug|Any CPU.Build.0 = Debug|Any CPU
		{CA1CA267-CC81-4208-B1E1-614A8A42568D}.Release|Any CPU.ActiveCfg = Release|Any CPU
		{CA1CA267-CC81-4208-B1E1-614A8A42568D}.Release|Any CPU.Build.0 = Release|Any CPU
		{2B3C5F5A-AF6D-4C78-A660-7925C98A7A3E}.Debug|Any CPU.ActiveCfg = Debug|Any CPU
		{2B3C5F5A-AF6D-4C78-A660-7925C98A7A3E}.Debug|Any CPU.Build.0 = Debug|Any CPU
		{2B3C5F5A-AF6D-4C78-A660-7925C98A7A3E}.Release|Any CPU.ActiveCfg = Release|Any CPU
		{2B3C5F5A-AF6D-4C78-A660-7925C98A7A3E}.Release|Any CPU.Build.0 = Release|Any CPU
	EndGlobalSection
	GlobalSection(SolutionProperties) = preSolution
		HideSolutionNode = FALSE
	EndGlobalSection
	GlobalSection(ExtensibilityGlobals) = postSolution
		SolutionGuid = {8221B196-D520-4DDC-957E-2B0750A21D49}
	EndGlobalSection
EndGlobal
